
Microsoft Visual Studio Solution File, Format Version 12.00
# Visual Studio 15
VisualStudioVersion = 15.0.28307.572
MinimumVisualStudioVersion = 10.0.40219.1
Project("{FAE04EC0-301F-11D3-BF4B-00C04F79EFBC}") = "GUI", "GUI\GUI.csproj", "{0FF0C27F-F01D-4B07-A49B-AAD535D8BA91}"
EndProject
Project("{FAE04EC0-301F-11D3-BF4B-00C04F79EFBC}") = "XmlFileModel", "XmlFileModel\XmlFileModel.csproj", "{540996B6-A03C-42D0-B93E-CEE721157DF4}"
EndProject
Global
	GlobalSection(SolutionConfigurationPlatforms) = preSolution
		Debug|Any CPU = Debug|Any CPU
		Release|Any CPU = Release|Any CPU
	EndGlobalSection
	GlobalSection(ProjectConfigurationPlatforms) = postSolution
		{0FF0C27F-F01D-4B07-A49B-AAD535D8BA91}.Debug|Any CPU.ActiveCfg = Debug|Any CPU
		{0FF0C27F-F01D-4B07-A49B-AAD535D8BA91}.Debug|Any CPU.Build.0 = Debug|Any CPU
		{0FF0C27F-F01D-4B07-A49B-AAD535D8BA91}.Release|Any CPU.ActiveCfg = Release|Any CPU
		{0FF0C27F-F01D-4B07-A49B-AAD535D8BA91}.Release|Any CPU.Build.0 = Release|Any CPU
		{540996B6-A03C-42D0-B93E-CEE721157DF4}.Debug|Any CPU.ActiveCfg = Debug|Any CPU
		{540996B6-A03C-42D0-B93E-CEE721157DF4}.Debug|Any CPU.Build.0 = Debug|Any CPU
		{540996B6-A03C-42D0-B93E-CEE721157DF4}.Release|Any CPU.ActiveCfg = Release|Any CPU
		{540996B6-A03C-42D0-B93E-CEE721157DF4}.Release|Any CPU.Build.0 = Release|Any CPU
	EndGlobalSection
	GlobalSection(SolutionProperties) = preSolution
		HideSolutionNode = FALSE
	EndGlobalSection
	GlobalSection(ExtensibilityGlobals) = postSolution
		SolutionGuid = {FCCA3530-AED3-4121-A267-A3138827BBDF}
	EndGlobalSection
EndGlobal
